// !$*UTF8*$!
{
	archiveVersion = 1;
	classes = {
	};
	objectVersion = 55;
	objects = {

/* Begin PBXBuildFile section */
		12C2056C287ACF8F00E08836 /* Extensions.swift in Sources */ = {isa = PBXBuildFile; fileRef = 12C2056B287ACF8F00E08836 /* Extensions.swift */; };
		12CC391528794F480093A4DB /* AppDelegate.swift in Sources */ = {isa = PBXBuildFile; fileRef = 12CC391428794F480093A4DB /* AppDelegate.swift */; };
		12CC391728794F480093A4DB /* SceneDelegate.swift in Sources */ = {isa = PBXBuildFile; fileRef = 12CC391628794F480093A4DB /* SceneDelegate.swift */; };
		12CC391928794F480093A4DB /* WatchListVC.swift in Sources */ = {isa = PBXBuildFile; fileRef = 12CC391828794F480093A4DB /* WatchListVC.swift */; };
		12CC391E28794F4B0093A4DB /* Assets.xcassets in Resources */ = {isa = PBXBuildFile; fileRef = 12CC391D28794F4B0093A4DB /* Assets.xcassets */; };
		12CC392128794F4B0093A4DB /* LaunchScreen.storyboard in Resources */ = {isa = PBXBuildFile; fileRef = 12CC391F28794F4B0093A4DB /* LaunchScreen.storyboard */; };
		12CC392F2879510D0093A4DB /* TopStoriesVCViewController.swift in Sources */ = {isa = PBXBuildFile; fileRef = 12CC392E2879510D0093A4DB /* TopStoriesVCViewController.swift */; };
		12CC3931287951240093A4DB /* SearchResultsVC.swift in Sources */ = {isa = PBXBuildFile; fileRef = 12CC3930287951240093A4DB /* SearchResultsVC.swift */; };
		12CC3933287951370093A4DB /* StockDetailsVC.swift in Sources */ = {isa = PBXBuildFile; fileRef = 12CC3932287951370093A4DB /* StockDetailsVC.swift */; };
		12CC3935287954590093A4DB /* APICaller.swift in Sources */ = {isa = PBXBuildFile; fileRef = 12CC3934287954590093A4DB /* APICaller.swift */; };
		12CC39372879546B0093A4DB /* PersistenceManager.swift in Sources */ = {isa = PBXBuildFile; fileRef = 12CC39362879546B0093A4DB /* PersistenceManager.swift */; };
		12CC39392879547C0093A4DB /* HapticsManager.swift in Sources */ = {isa = PBXBuildFile; fileRef = 12CC39382879547C0093A4DB /* HapticsManager.swift */; };
/* End PBXBuildFile section */

/* Begin PBXFileReference section */
		12C2056B287ACF8F00E08836 /* Extensions.swift */ = {isa = PBXFileReference; lastKnownFileType = sourcecode.swift; path = Extensions.swift; sourceTree = "<group>"; };
		12CC391128794F480093A4DB /* Stocks.app */ = {isa = PBXFileReference; explicitFileType = wrapper.application; includeInIndex = 0; path = Stocks.app; sourceTree = BUILT_PRODUCTS_DIR; };
		12CC391428794F480093A4DB /* AppDelegate.swift */ = {isa = PBXFileReference; lastKnownFileType = sourcecode.swift; path = AppDelegate.swift; sourceTree = "<group>"; };
		12CC391628794F480093A4DB /* SceneDelegate.swift */ = {isa = PBXFileReference; lastKnownFileType = sourcecode.swift; path = SceneDelegate.swift; sourceTree = "<group>"; };
		12CC391828794F480093A4DB /* WatchListVC.swift */ = {isa = PBXFileReference; lastKnownFileType = sourcecode.swift; path = WatchListVC.swift; sourceTree = "<group>"; };
		12CC391D28794F4B0093A4DB /* Assets.xcassets */ = {isa = PBXFileReference; lastKnownFileType = folder.assetcatalog; path = Assets.xcassets; sourceTree = "<group>"; };
		12CC392028794F4B0093A4DB /* Base */ = {isa = PBXFileReference; lastKnownFileType = file.storyboard; name = Base; path = Base.lproj/LaunchScreen.storyboard; sourceTree = "<group>"; };
		12CC392228794F4B0093A4DB /* Info.plist */ = {isa = PBXFileReference; lastKnownFileType = text.plist.xml; path = Info.plist; sourceTree = "<group>"; };
		12CC392E2879510D0093A4DB /* TopStoriesVCViewController.swift */ = {isa = PBXFileReference; lastKnownFileType = sourcecode.swift; path = TopStoriesVCViewController.swift; sourceTree = "<group>"; };
		12CC3930287951240093A4DB /* SearchResultsVC.swift */ = {isa = PBXFileReference; lastKnownFileType = sourcecode.swift; path = SearchResultsVC.swift; sourceTree = "<group>"; };
		12CC3932287951370093A4DB /* StockDetailsVC.swift */ = {isa = PBXFileReference; lastKnownFileType = sourcecode.swift; path = StockDetailsVC.swift; sourceTree = "<group>"; };
		12CC3934287954590093A4DB /* APICaller.swift */ = {isa = PBXFileReference; lastKnownFileType = sourcecode.swift; path = APICaller.swift; sourceTree = "<group>"; };
		12CC39362879546B0093A4DB /* PersistenceManager.swift */ = {isa = PBXFileReference; lastKnownFileType = sourcecode.swift; path = PersistenceManager.swift; sourceTree = "<group>"; };
		12CC39382879547C0093A4DB /* HapticsManager.swift */ = {isa = PBXFileReference; lastKnownFileType = sourcecode.swift; path = HapticsManager.swift; sourceTree = "<group>"; };
/* End PBXFileReference section */

/* Begin PBXFrameworksBuildPhase section */
		12CC390E28794F480093A4DB /* Frameworks */ = {
			isa = PBXFrameworksBuildPhase;
			buildActionMask = 2147483647;
			files = (
			);
			runOnlyForDeploymentPostprocessing = 0;
		};
/* End PBXFrameworksBuildPhase section */

/* Begin PBXGroup section */
		12CC390828794F480093A4DB = {
			isa = PBXGroup;
			children = (
				12CC391328794F480093A4DB /* Stocks */,
				12CC391228794F480093A4DB /* Products */,
			);
			sourceTree = "<group>";
		};
		12CC391228794F480093A4DB /* Products */ = {
			isa = PBXGroup;
			children = (
				12CC391128794F480093A4DB /* Stocks.app */,
			);
			name = Products;
			sourceTree = "<group>";
		};
		12CC391328794F480093A4DB /* Stocks */ = {
			isa = PBXGroup;
			children = (
				12CC392D287950210093A4DB /* Other */,
				12CC392C2879501A0093A4DB /* Managers */,
				12CC392B28794FFF0093A4DB /* Controllers */,
				12CC392A28794FF30093A4DB /* Views */,
				12CC392828794FD10093A4DB /* Model */,
				12CC392228794F4B0093A4DB /* Info.plist */,
			);
			path = Stocks;
			sourceTree = "<group>";
		};
		12CC392828794FD10093A4DB /* Model */ = {
			isa = PBXGroup;
			children = (
			);
			path = Model;
			sourceTree = "<group>";
		};
		12CC392A28794FF30093A4DB /* Views */ = {
			isa = PBXGroup;
			children = (
				12CC391F28794F4B0093A4DB /* LaunchScreen.storyboard */,
			);
			path = Views;
			sourceTree = "<group>";
		};
		12CC392B28794FFF0093A4DB /* Controllers */ = {
			isa = PBXGroup;
			children = (
				12CC391828794F480093A4DB /* WatchListVC.swift */,
				12CC392E2879510D0093A4DB /* TopStoriesVCViewController.swift */,
				12CC3930287951240093A4DB /* SearchResultsVC.swift */,
				12CC3932287951370093A4DB /* StockDetailsVC.swift */,
			);
			path = Controllers;
			sourceTree = "<group>";
		};
		12CC392C2879501A0093A4DB /* Managers */ = {
			isa = PBXGroup;
			children = (
				12CC3934287954590093A4DB /* APICaller.swift */,
				12CC39362879546B0093A4DB /* PersistenceManager.swift */,
				12CC39382879547C0093A4DB /* HapticsManager.swift */,
			);
			path = Managers;
			sourceTree = "<group>";
		};
		12CC392D287950210093A4DB /* Other */ = {
			isa = PBXGroup;
			children = (
				12CC391428794F480093A4DB /* AppDelegate.swift */,
				12CC391628794F480093A4DB /* SceneDelegate.swift */,
				12CC391D28794F4B0093A4DB /* Assets.xcassets */,
				12C2056B287ACF8F00E08836 /* Extensions.swift */,
			);
			path = Other;
			sourceTree = "<group>";
		};
/* End PBXGroup section */

/* Begin PBXNativeTarget section */
		12CC391028794F480093A4DB /* Stocks */ = {
			isa = PBXNativeTarget;
			buildConfigurationList = 12CC392528794F4B0093A4DB /* Build configuration list for PBXNativeTarget "Stocks" */;
			buildPhases = (
				12CC390D28794F480093A4DB /* Sources */,
				12CC390E28794F480093A4DB /* Frameworks */,
				12CC390F28794F480093A4DB /* Resources */,
			);
			buildRules = (
			);
			dependencies = (
			);
			name = Stocks;
			productName = Stocks;
			productReference = 12CC391128794F480093A4DB /* Stocks.app */;
			productType = "com.apple.product-type.application";
		};
/* End PBXNativeTarget section */

/* Begin PBXProject section */
		12CC390928794F480093A4DB /* Project object */ = {
			isa = PBXProject;
			attributes = {
				BuildIndependentTargetsInParallel = 1;
				LastSwiftUpdateCheck = 1340;
				LastUpgradeCheck = 1340;
				TargetAttributes = {
					12CC391028794F480093A4DB = {
						CreatedOnToolsVersion = 13.4.1;
					};
				};
			};
			buildConfigurationList = 12CC390C28794F480093A4DB /* Build configuration list for PBXProject "Stocks" */;
			compatibilityVersion = "Xcode 13.0";
			developmentRegion = en;
			hasScannedForEncodings = 0;
			knownRegions = (
				en,
				Base,
			);
			mainGroup = 12CC390828794F480093A4DB;
			productRefGroup = 12CC391228794F480093A4DB /* Products */;
			projectDirPath = "";
			projectRoot = "";
			targets = (
				12CC391028794F480093A4DB /* Stocks */,
			);
		};
/* End PBXProject section */

/* Begin PBXResourcesBuildPhase section */
		12CC390F28794F480093A4DB /* Resources */ = {
			isa = PBXResourcesBuildPhase;
			buildActionMask = 2147483647;
			files = (
				12CC392128794F4B0093A4DB /* LaunchScreen.storyboard in Resources */,
				12CC391E28794F4B0093A4DB /* Assets.xcassets in Resources */,
			);
			runOnlyForDeploymentPostprocessing = 0;
		};
/* End PBXResourcesBuildPhase section */

/* Begin PBXSourcesBuildPhase section */
		12CC390D28794F480093A4DB /* Sources */ = {
			isa = PBXSourcesBuildPhase;
			buildActionMask = 2147483647;
			files = (
				12CC39392879547C0093A4DB /* HapticsManager.swift in Sources */,
				12CC3933287951370093A4DB /* StockDetailsVC.swift in Sources */,
				12CC391928794F480093A4DB /* WatchListVC.swift in Sources */,
				12CC391528794F480093A4DB /* AppDelegate.swift in Sources */,
				12CC3935287954590093A4DB /* APICaller.swift in Sources */,
				12C2056C287ACF8F00E08836 /* Extensions.swift in Sources */,
				12CC3931287951240093A4DB /* SearchResultsVC.swift in Sources */,
				12CC392F2879510D0093A4DB /* TopStoriesVCViewController.swift in Sources */,
				12CC391728794F480093A4DB /* SceneDelegate.swift in Sources */,
				12CC39372879546B0093A4DB /* PersistenceManager.swift in Sources */,
			);
			runOnlyForDeploymentPostprocessing = 0;
		};
/* End PBXSourcesBuildPhase section */

/* Begin PBXVariantGroup section */
		12CC391F28794F4B0093A4DB /* LaunchScreen.storyboard */ = {
			isa = PBXVariantGroup;
			children = (
				12CC392028794F4B0093A4DB /* Base */,
			);
			name = LaunchScreen.storyboard;
			sourceTree = "<group>";
		};
/* End PBXVariantGroup section */

/* Begin XCBuildConfiguration section */
		12CC392328794F4B0093A4DB /* Debug */ = {
			isa = XCBuildConfiguration;
			buildSettings = {
				ALWAYS_SEARCH_USER_PATHS = NO;
				CLANG_ANALYZER_NONNULL = YES;
				CLANG_ANALYZER_NUMBER_OBJECT_CONVERSION = YES_AGGRESSIVE;
				CLANG_CXX_LANGUAGE_STANDARD = "gnu++17";
				CLANG_ENABLE_MODULES = YES;
				CLANG_ENABLE_OBJC_ARC = YES;
				CLANG_ENABLE_OBJC_WEAK = YES;
				CLANG_WARN_BLOCK_CAPTURE_AUTORELEASING = YES;
				CLANG_WARN_BOOL_CONVERSION = YES;
				CLANG_WARN_COMMA = YES;
				CLANG_WARN_CONSTANT_CONVERSION = YES;
				CLANG_WARN_DEPRECATED_OBJC_IMPLEMENTATIONS = YES;
				CLANG_WARN_DIRECT_OBJC_ISA_USAGE = YES_ERROR;
				CLANG_WARN_DOCUMENTATION_COMMENTS = YES;
				CLANG_WARN_EMPTY_BODY = YES;
				CLANG_WARN_ENUM_CONVERSION = YES;
				CLANG_WARN_INFINITE_RECURSION = YES;
				CLANG_WARN_INT_CONVERSION = YES;
				CLANG_WARN_NON_LITERAL_NULL_CONVERSION = YES;
				CLANG_WARN_OBJC_IMPLICIT_RETAIN_SELF = YES;
				CLANG_WARN_OBJC_LITERAL_CONVERSION = YES;
				CLANG_WARN_OBJC_ROOT_CLASS = YES_ERROR;
				CLANG_WARN_QUOTED_INCLUDE_IN_FRAMEWORK_HEADER = YES;
				CLANG_WARN_RANGE_LOOP_ANALYSIS = YES;
				CLANG_WARN_STRICT_PROTOTYPES = YES;
				CLANG_WARN_SUSPICIOUS_MOVE = YES;
				CLANG_WARN_UNGUARDED_AVAILABILITY = YES_AGGRESSIVE;
				CLANG_WARN_UNREACHABLE_CODE = YES;
				CLANG_WARN__DUPLICATE_METHOD_MATCH = YES;
				COPY_PHASE_STRIP = NO;
				DEBUG_INFORMATION_FORMAT = dwarf;
				ENABLE_STRICT_OBJC_MSGSEND = YES;
				ENABLE_TESTABILITY = YES;
				GCC_C_LANGUAGE_STANDARD = gnu11;
				GCC_DYNAMIC_NO_PIC = NO;
				GCC_NO_COMMON_BLOCKS = YES;
				GCC_OPTIMIZATION_LEVEL = 0;
				GCC_PREPROCESSOR_DEFINITIONS = (
					"DEBUG=1",
					"$(inherited)",
				);
				GCC_WARN_64_TO_32_BIT_CONVERSION = YES;
				GCC_WARN_ABOUT_RETURN_TYPE = YES_ERROR;
				GCC_WARN_UNDECLARED_SELECTOR = YES;
				GCC_WARN_UNINITIALIZED_AUTOS = YES_AGGRESSIVE;
				GCC_WARN_UNUSED_FUNCTION = YES;
				GCC_WARN_UNUSED_VARIABLE = YES;
				IPHONEOS_DEPLOYMENT_TARGET = 15.5;
				MTL_ENABLE_DEBUG_INFO = INCLUDE_SOURCE;
				MTL_FAST_MATH = YES;
				ONLY_ACTIVE_ARCH = YES;
				SDKROOT = iphoneos;
				SWIFT_ACTIVE_COMPILATION_CONDITIONS = DEBUG;
				SWIFT_OPTIMIZATION_LEVEL = "-Onone";
			};
			name = Debug;
		};
		12CC392428794F4B0093A4DB /* Release */ = {
			isa = XCBuildConfiguration;
			buildSettings = {
				ALWAYS_SEARCH_USER_PATHS = NO;
				CLANG_ANALYZER_NONNULL = YES;
				CLANG_ANALYZER_NUMBER_OBJECT_CONVERSION = YES_AGGRESSIVE;
				CLANG_CXX_LANGUAGE_STANDARD = "gnu++17";
				CLANG_ENABLE_MODULES = YES;
				CLANG_ENABLE_OBJC_ARC = YES;
				CLANG_ENABLE_OBJC_WEAK = YES;
				CLANG_WARN_BLOCK_CAPTURE_AUTORELEASING = YES;
				CLANG_WARN_BOOL_CONVERSION = YES;
				CLANG_WARN_COMMA = YES;
				CLANG_WARN_CONSTANT_CONVERSION = YES;
				CLANG_WARN_DEPRECATED_OBJC_IMPLEMENTATIONS = YES;
				CLANG_WARN_DIRECT_OBJC_ISA_USAGE = YES_ERROR;
				CLANG_WARN_DOCUMENTATION_COMMENTS = YES;
				CLANG_WARN_EMPTY_BODY = YES;
				CLANG_WARN_ENUM_CONVERSION = YES;
				CLANG_WARN_INFINITE_RECURSION = YES;
				CLANG_WARN_INT_CONVERSION = YES;
				CLANG_WARN_NON_LITERAL_NULL_CONVERSION = YES;
				CLANG_WARN_OBJC_IMPLICIT_RETAIN_SELF = YES;
				CLANG_WARN_OBJC_LITERAL_CONVERSION = YES;
				CLANG_WARN_OBJC_ROOT_CLASS = YES_ERROR;
				CLANG_WARN_QUOTED_INCLUDE_IN_FRAMEWORK_HEADER = YES;
				CLANG_WARN_RANGE_LOOP_ANALYSIS = YES;
				CLANG_WARN_STRICT_PROTOTYPES = YES;
				CLANG_WARN_SUSPICIOUS_MOVE = YES;
				CLANG_WARN_UNGUARDED_AVAILABILITY = YES_AGGRESSIVE;
				CLANG_WARN_UNREACHABLE_CODE = YES;
				CLANG_WARN__DUPLICATE_METHOD_MATCH = YES;
				COPY_PHASE_STRIP = NO;
				DEBUG_INFORMATION_FORMAT = "dwarf-with-dsym";
				ENABLE_NS_ASSERTIONS = NO;
				ENABLE_STRICT_OBJC_MSGSEND = YES;
				GCC_C_LANGUAGE_STANDARD = gnu11;
				GCC_NO_COMMON_BLOCKS = YES;
				GCC_WARN_64_TO_32_BIT_CONVERSION = YES;
				GCC_WARN_ABOUT_RETURN_TYPE = YES_ERROR;
				GCC_WARN_UNDECLARED_SELECTOR = YES;
				GCC_WARN_UNINITIALIZED_AUTOS = YES_AGGRESSIVE;
				GCC_WARN_UNUSED_FUNCTION = YES;
				GCC_WARN_UNUSED_VARIABLE = YES;
				IPHONEOS_DEPLOYMENT_TARGET = 15.5;
				MTL_ENABLE_DEBUG_INFO = NO;
				MTL_FAST_MATH = YES;
				SDKROOT = iphoneos;
				SWIFT_COMPILATION_MODE = wholemodule;
				SWIFT_OPTIMIZATION_LEVEL = "-O";
				VALIDATE_PRODUCT = YES;
			};
			name = Release;
		};
		12CC392628794F4B0093A4DB /* Debug */ = {
			isa = XCBuildConfiguration;
			buildSettings = {
				ASSETCATALOG_COMPILER_APPICON_NAME = AppIcon;
				ASSETCATALOG_COMPILER_GLOBAL_ACCENT_COLOR_NAME = AccentColor;
				CODE_SIGN_STYLE = Automatic;
				CURRENT_PROJECT_VERSION = 1;
				DEVELOPMENT_TEAM = BKZWAX96B6;
				GENERATE_INFOPLIST_FILE = YES;
				INFOPLIST_FILE = Stocks/Info.plist;
				INFOPLIST_KEY_UIApplicationSupportsIndirectInputEvents = YES;
				INFOPLIST_KEY_UILaunchStoryboardName = LaunchScreen;
				INFOPLIST_KEY_UISupportedInterfaceOrientations = UIInterfaceOrientationPortrait;
				INFOPLIST_KEY_UISupportedInterfaceOrientations_iPad = "UIInterfaceOrientationPortrait UIInterfaceOrientationPortraitUpsideDown UIInterfaceOrientationLandscapeLeft UIInterfaceOrientationLandscapeRight";
				INFOPLIST_KEY_UISupportedInterfaceOrientations_iPhone = "UIInterfaceOrientationPortrait UIInterfaceOrientationLandscapeLeft UIInterfaceOrientationLandscapeRight";
				IPHONEOS_DEPLOYMENT_TARGET = 14.0;
				LD_RUNPATH_SEARCH_PATHS = (
					"$(inherited)",
					"@executable_path/Frameworks",
				);
				MARKETING_VERSION = 1.0;
				PRODUCT_BUNDLE_IDENTIFIER = com.apsterio.Stocks;
				PRODUCT_NAME = "$(TARGET_NAME)";
				SWIFT_EMIT_LOC_STRINGS = YES;
				SWIFT_VERSION = 5.0;
				TARGETED_DEVICE_FAMILY = 1;
			};
			name = Debug;
		};
		12CC392728794F4B0093A4DB /* Release */ = {
			isa = XCBuildConfiguration;
			buildSettings = {
				ASSETCATALOG_COMPILER_APPICON_NAME = AppIcon;
				ASSETCATALOG_COMPILER_GLOBAL_ACCENT_COLOR_NAME = AccentColor;
				CODE_SIGN_STYLE = Automatic;
				CURRENT_PROJECT_VERSION = 1;
				DEVELOPMENT_TEAM = BKZWAX96B6;
				GENERATE_INFOPLIST_FILE = YES;
				INFOPLIST_FILE = Stocks/Info.plist;
				INFOPLIST_KEY_UIApplicationSupportsIndirectInputEvents = YES;
				INFOPLIST_KEY_UILaunchStoryboardName = LaunchScreen;
				INFOPLIST_KEY_UISupportedInterfaceOrientations = UIInterfaceOrientationPortrait;
				INFOPLIST_KEY_UISupportedInterfaceOrientations_iPad = "UIInterfaceOrientationPortrait UIInterfaceOrientationPortraitUpsideDown UIInterfaceOrientationLandscapeLeft UIInterfaceOrientationLandscapeRight";
				INFOPLIST_KEY_UISupportedInterfaceOrientations_iPhone = "UIInterfaceOrientationPortrait UIInterfaceOrientationLandscapeLeft UIInterfaceOrientationLandscapeRight";
				IPHONEOS_DEPLOYMENT_TARGET = 14.0;
				LD_RUNPATH_SEARCH_PATHS = (
					"$(inherited)",
					"@executable_path/Frameworks",
				);
				MARKETING_VERSION = 1.0;
				PRODUCT_BUNDLE_IDENTIFIER = com.apsterio.Stocks;
				PRODUCT_NAME = "$(TARGET_NAME)";
				SWIFT_EMIT_LOC_STRINGS = YES;
				SWIFT_VERSION = 5.0;
				TARGETED_DEVICE_FAMILY = 1;
			};
			name = Release;
		};
/* End XCBuildConfiguration section */

/* Begin XCConfigurationList section */
		12CC390C28794F480093A4DB /* Build configuration list for PBXProject "Stocks" */ = {
			isa = XCConfigurationList;
			buildConfigurations = (
				12CC392328794F4B0093A4DB /* Debug */,
				12CC392428794F4B0093A4DB /* Release */,
			);
			defaultConfigurationIsVisible = 0;
			defaultConfigurationName = Release;
		};
		12CC392528794F4B0093A4DB /* Build configuration list for PBXNativeTarget "Stocks" */ = {
			isa = XCConfigurationList;
			buildConfigurations = (
				12CC392628794F4B0093A4DB /* Debug */,
				12CC392728794F4B0093A4DB /* Release */,
			);
			defaultConfigurationIsVisible = 0;
			defaultConfigurationName = Release;
		};
/* End XCConfigurationList section */
	};
	rootObject = 12CC390928794F480093A4DB /* Project object */;
}
